{
  "nodes": {
    "nixpkgs": {
      "locked": {
        "lastModified": 1750259320,
        "narHash": "sha256-H8J4H2XCIMEJ5g6fZ179QfQvsc2dUqhqfBjC8RAHNRY=",
        "owner": "NixOS",
        "repo": "nixpkgs",
        "rev": "9ba04bda9249d5d5e5238303c9755de5a49a79c5",
        "type": "github"
      },
      "original": {
        "owner": "NixOS",
        "ref": "nixos-25.05",
        "repo": "nixpkgs",
        "type": "github"
      }
    },
    "root": {
      "inputs": {
        "nixpkgs": "nixpkgs"
      }
    }
  },
  "root": "root",
  "version": 7
}
